
Microsoft Visual Studio Solution File, Format Version 12.00
# Visual Studio Version 16
VisualStudioVersion = 16.0.30114.105
MinimumVisualStudioVersion = 10.0.40219.1
Project("{FAE04EC0-301F-11D3-BF4B-00C04F79EFBC}") = "PairProgrammingTDD", "PairProgrammingTDD\PairProgrammingTDD.csproj", "{B308921A-E953-4AEF-B85D-8B98F8114AD0}"
EndProject
Project("{FAE04EC0-301F-11D3-BF4B-00C04F79EFBC}") = "PairProgrammingTDD.Tests", "PairProgrammingTDD.Tests\PairProgrammingTDD.Tests.csproj", "{10BB0FC6-3F5A-4A12-86C3-F65A6B1A8F4E}"
EndProject
Global
	GlobalSection(SolutionConfigurationPlatforms) = preSolution
		Debug|Any CPU = Debug|Any CPU
		Release|Any CPU = Release|Any CPU
	EndGlobalSection
	GlobalSection(SolutionProperties) = preSolution
		HideSolutionNode = FALSE
	EndGlobalSection
	GlobalSection(ProjectConfigurationPlatforms) = postSolution
		{B308921A-E953-4AEF-B85D-8B98F8114AD0}.Debug|Any CPU.ActiveCfg = Debug|Any CPU
		{B308921A-E953-4AEF-B85D-8B98F8114AD0}.Debug|Any CPU.Build.0 = Debug|Any CPU
		{B308921A-E953-4AEF-B85D-8B98F8114AD0}.Release|Any CPU.ActiveCfg = Release|Any CPU
		{B308921A-E953-4AEF-B85D-8B98F8114AD0}.Release|Any CPU.Build.0 = Release|Any CPU
		{10BB0FC6-3F5A-4A12-86C3-F65A6B1A8F4E}.Debug|Any CPU.ActiveCfg = Debug|Any CPU
		{10BB0FC6-3F5A-4A12-86C3-F65A6B1A8F4E}.Debug|Any CPU.Build.0 = Debug|Any CPU
		{10BB0FC6-3F5A-4A12-86C3-F65A6B1A8F4E}.Release|Any CPU.ActiveCfg = Release|Any CPU
		{10BB0FC6-3F5A-4A12-86C3-F65A6B1A8F4E}.Release|Any CPU.Build.0 = Release|Any CPU
	EndGlobalSection
EndGlobal
